
Microsoft Visual Studio Solution File, Format Version 12.00
# Visual Studio Version 16
VisualStudioVersion = 16.0.30907.101
MinimumVisualStudioVersion = 15.0.26124.0
Project("{9A19103F-16F7-4668-BE54-9A1E7A4F7556}") = "Blazorade.Msal", "Blazorade.Msal\Blazorade.Msal.csproj", "{765AB143-8B42-45D1-B98B-DBAD2DDC400E}"
EndProject
Project("{2150E333-8FDC-42A3-9474-1A3956D46DE8}") = "Test Apps", "Test Apps", "{DFBDDB47-E181-4F5F-9292-84F6B869D856}"
EndProject
Project("{2150E333-8FDC-42A3-9474-1A3956D46DE8}") = "Solution Items", "Solution Items", "{03D1A783-7EF5-4AA5-ADAC-F11BEFAAA22D}"
	ProjectSection(SolutionItems) = preProject
		.gitignore = .gitignore
		.gitmodules = .gitmodules
		LICENSE = LICENSE
		README.md = README.md
	EndProjectSection
EndProject
Project("{9A19103F-16F7-4668-BE54-9A1E7A4F7556}") = "MsalTestConsole", "MsalTestConsole\MsalTestConsole.csproj", "{F83AD5AF-2851-44C8-B9EF-C0E0555F4665}"
EndProject
Project("{2150E333-8FDC-42A3-9474-1A3956D46DE8}") = "Samples", "Samples", "{27D5BEFB-F2D9-4A84-A61F-E2ADA4F1B6E9}"
EndProject
Project("{9A19103F-16F7-4668-BE54-9A1E7A4F7556}") = "BlazorServerSample", "BlazorServerSample\BlazorServerSample.csproj", "{C104334F-D15A-4DB7-8A5C-CA5E704B92B5}"
EndProject
Project("{9A19103F-16F7-4668-BE54-9A1E7A4F7556}") = "BlazorWasmSample", "BlazorWasmSample\BlazorWasmSample.csproj", "{79286AAB-E3AF-4647-8EA6-B680DEE68DB6}"
EndProject
Project("{9A19103F-16F7-4668-BE54-9A1E7A4F7556}") = "SharedComponentsSample", "SharedComponentsSample\SharedComponentsSample.csproj", "{8616164C-935F-4118-848C-4592FDA21F9D}"
EndProject
Global
	GlobalSection(SolutionConfigurationPlatforms) = preSolution
		Debug|Any CPU = Debug|Any CPU
		Debug|x64 = Debug|x64
		Debug|x86 = Debug|x86
		Release|Any CPU = Release|Any CPU
		Release|x64 = Release|x64
		Release|x86 = Release|x86
	EndGlobalSection
	GlobalSection(ProjectConfigurationPlatforms) = postSolution
		{765AB143-8B42-45D1-B98B-DBAD2DDC400E}.Debug|Any CPU.ActiveCfg = Debug|Any CPU
		{765AB143-8B42-45D1-B98B-DBAD2DDC400E}.Debug|Any CPU.Build.0 = Debug|Any CPU
		{765AB143-8B42-45D1-B98B-DBAD2DDC400E}.Debug|x64.ActiveCfg = Debug|Any CPU
		{765AB143-8B42-45D1-B98B-DBAD2DDC400E}.Debug|x64.Build.0 = Debug|Any CPU
		{765AB143-8B42-45D1-B98B-DBAD2DDC400E}.Debug|x86.ActiveCfg = Debug|Any CPU
		{765AB143-8B42-45D1-B98B-DBAD2DDC400E}.Debug|x86.Build.0 = Debug|Any CPU
		{765AB143-8B42-45D1-B98B-DBAD2DDC400E}.Release|Any CPU.ActiveCfg = Release|Any CPU
		{765AB143-8B42-45D1-B98B-DBAD2DDC400E}.Release|Any CPU.Build.0 = Release|Any CPU
		{765AB143-8B42-45D1-B98B-DBAD2DDC400E}.Release|x64.ActiveCfg = Release|Any CPU
		{765AB143-8B42-45D1-B98B-DBAD2DDC400E}.Release|x64.Build.0 = Release|Any CPU
		{765AB143-8B42-45D1-B98B-DBAD2DDC400E}.Release|x86.ActiveCfg = Release|Any CPU
		{765AB143-8B42-45D1-B98B-DBAD2DDC400E}.Release|x86.Build.0 = Release|Any CPU
		{F83AD5AF-2851-44C8-B9EF-C0E0555F4665}.Debug|Any CPU.ActiveCfg = Debug|Any CPU
		{F83AD5AF-2851-44C8-B9EF-C0E0555F4665}.Debug|Any CPU.Build.0 = Debug|Any CPU
		{F83AD5AF-2851-44C8-B9EF-C0E0555F4665}.Debug|x64.ActiveCfg = Debug|Any CPU
		{F83AD5AF-2851-44C8-B9EF-C0E0555F4665}.Debug|x64.Build.0 = Debug|Any CPU
		{F83AD5AF-2851-44C8-B9EF-C0E0555F4665}.Debug|x86.ActiveCfg = Debug|Any CPU
		{F83AD5AF-2851-44C8-B9EF-C0E0555F4665}.Debug|x86.Build.0 = Debug|Any CPU
		{F83AD5AF-2851-44C8-B9EF-C0E0555F4665}.Release|Any CPU.ActiveCfg = Release|Any CPU
		{F83AD5AF-2851-44C8-B9EF-C0E0555F4665}.Release|Any CPU.Build.0 = Release|Any CPU
		{F83AD5AF-2851-44C8-B9EF-C0E0555F4665}.Release|x64.ActiveCfg = Release|Any CPU
		{F83AD5AF-2851-44C8-B9EF-C0E0555F4665}.Release|x64.Build.0 = Release|Any CPU
		{F83AD5AF-2851-44C8-B9EF-C0E0555F4665}.Release|x86.ActiveCfg = Release|Any CPU
		{F83AD5AF-2851-44C8-B9EF-C0E0555F4665}.Release|x86.Build.0 = Release|Any CPU
		{C104334F-D15A-4DB7-8A5C-CA5E704B92B5}.Debug|Any CPU.ActiveCfg = Debug|Any CPU
		{C104334F-D15A-4DB7-8A5C-CA5E704B92B5}.Debug|Any CPU.Build.0 = Debug|Any CPU
		{C104334F-D15A-4DB7-8A5C-CA5E704B92B5}.Debug|x64.ActiveCfg = Debug|Any CPU
		{C104334F-D15A-4DB7-8A5C-CA5E704B92B5}.Debug|x64.Build.0 = Debug|Any CPU
		{C104334F-D15A-4DB7-8A5C-CA5E704B92B5}.Debug|x86.ActiveCfg = Debug|Any CPU
		{C104334F-D15A-4DB7-8A5C-CA5E704B92B5}.Debug|x86.Build.0 = Debug|Any CPU
		{C104334F-D15A-4DB7-8A5C-CA5E704B92B5}.Release|Any CPU.ActiveCfg = Release|Any CPU
		{C104334F-D15A-4DB7-8A5C-CA5E704B92B5}.Release|Any CPU.Build.0 = Release|Any CPU
		{C104334F-D15A-4DB7-8A5C-CA5E704B92B5}.Release|x64.ActiveCfg = Release|Any CPU
		{C104334F-D15A-4DB7-8A5C-CA5E704B92B5}.Release|x64.Build.0 = Release|Any CPU
		{C104334F-D15A-4DB7-8A5C-CA5E704B92B5}.Release|x86.ActiveCfg = Release|Any CPU
		{C104334F-D15A-4DB7-8A5C-CA5E704B92B5}.Release|x86.Build.0 = Release|Any CPU
		{79286AAB-E3AF-4647-8EA6-B680DEE68DB6}.Debug|Any CPU.ActiveCfg = Debug|Any CPU
		{79286AAB-E3AF-4647-8EA6-B680DEE68DB6}.Debug|Any CPU.Build.0 = Debug|Any CPU
		{79286AAB-E3AF-4647-8EA6-B680DEE68DB6}.Debug|x64.ActiveCfg = Debug|Any CPU
		{79286AAB-E3AF-4647-8EA6-B680DEE68DB6}.Debug|x64.Build.0 = Debug|Any CPU
		{79286AAB-E3AF-4647-8EA6-B680DEE68DB6}.Debug|x86.ActiveCfg = Debug|Any CPU
		{79286AAB-E3AF-4647-8EA6-B680DEE68DB6}.Debug|x86.Build.0 = Debug|Any CPU
		{79286AAB-E3AF-4647-8EA6-B680DEE68DB6}.Release|Any CPU.ActiveCfg = Release|Any CPU
		{79286AAB-E3AF-4647-8EA6-B680DEE68DB6}.Release|Any CPU.Build.0 = Release|Any CPU
		{79286AAB-E3AF-4647-8EA6-B680DEE68DB6}.Release|x64.ActiveCfg = Release|Any CPU
		{79286AAB-E3AF-4647-8EA6-B680DEE68DB6}.Release|x64.Build.0 = Release|Any CPU
		{79286AAB-E3AF-4647-8EA6-B680DEE68DB6}.Release|x86.ActiveCfg = Release|Any CPU
		{79286AAB-E3AF-4647-8EA6-B680DEE68DB6}.Release|x86.Build.0 = Release|Any CPU
		{8616164C-935F-4118-848C-4592FDA21F9D}.Debug|Any CPU.ActiveCfg = Debug|Any CPU
		{8616164C-935F-4118-848C-4592FDA21F9D}.Debug|Any CPU.Build.0 = Debug|Any CPU
		{8616164C-935F-4118-848C-4592FDA21F9D}.Debug|x64.ActiveCfg = Debug|Any CPU
		{8616164C-935F-4118-848C-4592FDA21F9D}.Debug|x64.Build.0 = Debug|Any CPU
		{8616164C-935F-4118-848C-4592FDA21F9D}.Debug|x86.ActiveCfg = Debug|Any CPU
		{8616164C-935F-4118-848C-4592FDA21F9D}.Debug|x86.Build.0 = Debug|Any CPU
		{8616164C-935F-4118-848C-4592FDA21F9D}.Release|Any CPU.ActiveCfg = Release|Any CPU
		{8616164C-935F-4118-848C-4592FDA21F9D}.Release|Any CPU.Build.0 = Release|Any CPU
		{8616164C-935F-4118-848C-4592FDA21F9D}.Release|x64.ActiveCfg = Release|Any CPU
		{8616164C-935F-4118-848C-4592FDA21F9D}.Release|x64.Build.0 = Release|Any CPU
		{8616164C-935F-4118-848C-4592FDA21F9D}.Release|x86.ActiveCfg = Release|Any CPU
		{8616164C-935F-4118-848C-4592FDA21F9D}.Release|x86.Build.0 = Release|Any CPU
	EndGlobalSection
	GlobalSection(SolutionProperties) = preSolution
		HideSolutionNode = FALSE
	EndGlobalSection
	GlobalSection(NestedProjects) = preSolution
		{F83AD5AF-2851-44C8-B9EF-C0E0555F4665} = {DFBDDB47-E181-4F5F-9292-84F6B869D856}
		{C104334F-D15A-4DB7-8A5C-CA5E704B92B5} = {27D5BEFB-F2D9-4A84-A61F-E2ADA4F1B6E9}
		{79286AAB-E3AF-4647-8EA6-B680DEE68DB6} = {27D5BEFB-F2D9-4A84-A61F-E2ADA4F1B6E9}
		{8616164C-935F-4118-848C-4592FDA21F9D} = {27D5BEFB-F2D9-4A84-A61F-E2ADA4F1B6E9}
	EndGlobalSection
	GlobalSection(ExtensibilityGlobals) = postSolution
		SolutionGuid = {7A02B975-9E79-4692-8B2F-B5B4063C67FF}
	EndGlobalSection
EndGlobal
